
Microsoft Visual Studio Solution File, Format Version 12.00
# Visual Studio Version 16
VisualStudioVersion = 16.0.32228.343
MinimumVisualStudioVersion = 10.0.40219.1
Project("{FAE04EC0-301F-11D3-BF4B-00C04F79EFBC}") = "Exam22", "Exam22.csproj", "{AE6E5EFA-64B9-4C7F-AD6C-0B5C518E115C}"
EndProject
Global
	GlobalSection(SolutionConfigurationPlatforms) = preSolution
		Debug|Any CPU = Debug|Any CPU
		Release|Any CPU = Release|Any CPU
	EndGlobalSection
	GlobalSection(ProjectConfigurationPlatforms) = postSolution
		{AE6E5EFA-64B9-4C7F-AD6C-0B5C518E115C}.Debug|Any CPU.ActiveCfg = Debug|Any CPU
		{AE6E5EFA-64B9-4C7F-AD6C-0B5C518E115C}.Debug|Any CPU.Build.0 = Debug|Any CPU
		{AE6E5EFA-64B9-4C7F-AD6C-0B5C518E115C}.Release|Any CPU.ActiveCfg = Release|Any CPU
		{AE6E5EFA-64B9-4C7F-AD6C-0B5C518E115C}.Release|Any CPU.Build.0 = Release|Any CPU
	EndGlobalSection
	GlobalSection(SolutionProperties) = preSolution
		HideSolutionNode = FALSE
	EndGlobalSection
	GlobalSection(ExtensibilityGlobals) = postSolution
		SolutionGuid = {CCBDED14-7B68-40FA-B9DB-06DA8AC69508}
	EndGlobalSection
EndGlobal
